
Microsoft Visual Studio Solution File, Format Version 12.00
# Visual Studio Version 16
VisualStudioVersion = 16.0.29911.84
MinimumVisualStudioVersion = 10.0.40219.1
Project("{2150E333-8FDC-42A3-9474-1A3956D46DE8}") = "01 -Testes de Unidade", "01 -Testes de Unidade", "{5C62CAFC-BA80-46EB-9B24-6DAA19251956}"
EndProject
Project("{2150E333-8FDC-42A3-9474-1A3956D46DE8}") = "1.1 - Testes Basicos", "1.1 - Testes Basicos", "{07F3D8B9-2494-4910-8B46-BD52E3ADA796}"
EndProject
Project("{9A19103F-16F7-4668-BE54-9A1E7A4F7556}") = "Demo", "01 - Testes de Unidades\Demo\Demo.csproj", "{2E70E052-88B4-43F3-96B2-62C1109A91D1}"
EndProject
Project("{9A19103F-16F7-4668-BE54-9A1E7A4F7556}") = "Demo.Tests", "01 - Testes de Unidades\Demo.Tests\Demo.Tests.csproj", "{E0353451-C62A-4E47-8117-62D56DAFFE43}"
EndProject
Project("{2150E333-8FDC-42A3-9474-1A3956D46DE8}") = "2.2 - Features", "2.2 - Features", "{3B585AE7-7347-404F-8142-DD8FD9C2B836}"
EndProject
Project("{9A19103F-16F7-4668-BE54-9A1E7A4F7556}") = "Features", "01 - Testes de Unidades\Features\Features.csproj", "{319B84C2-EDAD-4171-8BBC-A23A89D8BDE4}"
EndProject
Project("{9A19103F-16F7-4668-BE54-9A1E7A4F7556}") = "Features.Tests", "01 - Testes de Unidades\Features.Tests\Features.Tests.csproj", "{439BD77D-97E4-4437-84FD-47B9748585E8}"
EndProject
Project("{2150E333-8FDC-42A3-9474-1A3956D46DE8}") = "02 - TDD", "02 - TDD", "{556B9639-89F3-4CCC-8B24-40CFBB822381}"
EndProject
Project("{2150E333-8FDC-42A3-9474-1A3956D46DE8}") = "Tests", "Tests", "{F08391D2-60A4-4973-AD1E-0E60F81A983C}"
EndProject
Project("{9A19103F-16F7-4668-BE54-9A1E7A4F7556}") = "NerdStore.Vendas.Application.Tests", "02 - TDD\tests\NerdStore.Vendas.Application.Tests\NerdStore.Vendas.Application.Tests.csproj", "{6F5F57D3-F130-4B15-87FA-C51C8FFC0AFC}"
EndProject
Project("{9A19103F-16F7-4668-BE54-9A1E7A4F7556}") = "NerdStore.Vendas.Domain.Tests", "02 - TDD\tests\NerdStore.Vendas.Domain.Tests\NerdStore.Vendas.Domain.Tests.csproj", "{6A06FA66-CFAD-4530-A57F-82CA6DD8A9F0}"
EndProject
Project("{9A19103F-16F7-4668-BE54-9A1E7A4F7556}") = "NerdStore.Vendas.Domain", "02 - TDD\src\NerdStore.Vendas.Domain\NerdStore.Vendas.Domain.csproj", "{E7B8F8A4-D90F-4149-9791-1D1791F8E717}"
EndProject
Project("{9A19103F-16F7-4668-BE54-9A1E7A4F7556}") = "NerdStore.Core", "02 - TDD\src\NerdStore.Core\NerdStore.Core.csproj", "{11EFF691-1470-42FB-BF41-12CE4C0A4FFF}"
EndProject
Project("{9A19103F-16F7-4668-BE54-9A1E7A4F7556}") = "NerdStore.Vendas.Application", "02 - TDD\src\NerdStore.Vendas.Application\NerdStore.Vendas.Application.csproj", "{80D52C08-2634-4ECF-8344-FBE235A678CD}"
EndProject
Project("{9A19103F-16F7-4668-BE54-9A1E7A4F7556}") = "NerdStore.Vendas.Data", "02 - TDD\src\NerdStore.Vendas.Data\NerdStore.Vendas.Data.csproj", "{9618DF95-7251-4D26-B5EF-C1795A5ED608}"
EndProject
Project("{2150E333-8FDC-42A3-9474-1A3956D46DE8}") = "03 - Testes de Integracao", "03 - Testes de Integracao", "{6B0B223E-7FB6-4108-9039-8E3BB66A4688}"
EndProject
Project("{9A19103F-16F7-4668-BE54-9A1E7A4F7556}") = "NerdStore.Catalago.Application", "03 - Testes de Integracao\src\NerdStore.Catalago.Application\NerdStore.Catalago.Application.csproj", "{ECDB35E8-436E-43F8-88F8-3A29329161DC}"
EndProject
Project("{9A19103F-16F7-4668-BE54-9A1E7A4F7556}") = "NerdStore.Catalago.Data", "03 - Testes de Integracao\src\NerdStore.Catalago.Data\NerdStore.Catalago.Data.csproj", "{34D2D264-EB0F-4375-A3B4-79B8636C9ABE}"
EndProject
Project("{9A19103F-16F7-4668-BE54-9A1E7A4F7556}") = "NerdStore.Catalago.Domain", "03 - Testes de Integracao\src\NerdStore.Catalago.Domain\NerdStore.Catalago.Domain.csproj", "{EFF38694-0B2D-46D0-A3B7-DE416FE04A86}"
EndProject
Project("{9A19103F-16F7-4668-BE54-9A1E7A4F7556}") = "NerdStore.WebApp.MVC", "03 - Testes de Integracao\src\NerdStore.WebApp.MVC\NerdStore.WebApp.MVC.csproj", "{984A2C07-54B8-4BD6-A36D-547D4F1B1D7C}"
EndProject
Project("{2150E333-8FDC-42A3-9474-1A3956D46DE8}") = "Tests", "Tests", "{C974B0CA-8D95-478A-93A4-427B5BD99567}"
EndProject
Project("{FAE04EC0-301F-11D3-BF4B-00C04F79EFBC}") = "NerdStore.WebApp.Tests", "03 - Testes de Integracao\tests\NerdStore.WebApp.Tests\NerdStore.WebApp.Tests.csproj", "{9A7C74DC-5739-4F83-A253-09EBD1E4E8A2}"
EndProject
Global
	GlobalSection(SolutionConfigurationPlatforms) = preSolution
		Debug|Any CPU = Debug|Any CPU
		Release|Any CPU = Release|Any CPU
	EndGlobalSection
	GlobalSection(ProjectConfigurationPlatforms) = postSolution
		{2E70E052-88B4-43F3-96B2-62C1109A91D1}.Debug|Any CPU.ActiveCfg = Debug|Any CPU
		{2E70E052-88B4-43F3-96B2-62C1109A91D1}.Debug|Any CPU.Build.0 = Debug|Any CPU
		{2E70E052-88B4-43F3-96B2-62C1109A91D1}.Release|Any CPU.ActiveCfg = Release|Any CPU
		{2E70E052-88B4-43F3-96B2-62C1109A91D1}.Release|Any CPU.Build.0 = Release|Any CPU
		{E0353451-C62A-4E47-8117-62D56DAFFE43}.Debug|Any CPU.ActiveCfg = Debug|Any CPU
		{E0353451-C62A-4E47-8117-62D56DAFFE43}.Debug|Any CPU.Build.0 = Debug|Any CPU
		{E0353451-C62A-4E47-8117-62D56DAFFE43}.Release|Any CPU.ActiveCfg = Release|Any CPU
		{E0353451-C62A-4E47-8117-62D56DAFFE43}.Release|Any CPU.Build.0 = Release|Any CPU
		{319B84C2-EDAD-4171-8BBC-A23A89D8BDE4}.Debug|Any CPU.ActiveCfg = Debug|Any CPU
		{319B84C2-EDAD-4171-8BBC-A23A89D8BDE4}.Debug|Any CPU.Build.0 = Debug|Any CPU
		{319B84C2-EDAD-4171-8BBC-A23A89D8BDE4}.Release|Any CPU.ActiveCfg = Release|Any CPU
		{319B84C2-EDAD-4171-8BBC-A23A89D8BDE4}.Release|Any CPU.Build.0 = Release|Any CPU
		{439BD77D-97E4-4437-84FD-47B9748585E8}.Debug|Any CPU.ActiveCfg = Debug|Any CPU
		{439BD77D-97E4-4437-84FD-47B9748585E8}.Debug|Any CPU.Build.0 = Debug|Any CPU
		{439BD77D-97E4-4437-84FD-47B9748585E8}.Release|Any CPU.ActiveCfg = Release|Any CPU
		{439BD77D-97E4-4437-84FD-47B9748585E8}.Release|Any CPU.Build.0 = Release|Any CPU
		{6F5F57D3-F130-4B15-87FA-C51C8FFC0AFC}.Debug|Any CPU.ActiveCfg = Debug|Any CPU
		{6F5F57D3-F130-4B15-87FA-C51C8FFC0AFC}.Debug|Any CPU.Build.0 = Debug|Any CPU
		{6F5F57D3-F130-4B15-87FA-C51C8FFC0AFC}.Release|Any CPU.ActiveCfg = Release|Any CPU
		{6F5F57D3-F130-4B15-87FA-C51C8FFC0AFC}.Release|Any CPU.Build.0 = Release|Any CPU
		{6A06FA66-CFAD-4530-A57F-82CA6DD8A9F0}.Debug|Any CPU.ActiveCfg = Debug|Any CPU
		{6A06FA66-CFAD-4530-A57F-82CA6DD8A9F0}.Debug|Any CPU.Build.0 = Debug|Any CPU
		{6A06FA66-CFAD-4530-A57F-82CA6DD8A9F0}.Release|Any CPU.ActiveCfg = Release|Any CPU
		{6A06FA66-CFAD-4530-A57F-82CA6DD8A9F0}.Release|Any CPU.Build.0 = Release|Any CPU
		{E7B8F8A4-D90F-4149-9791-1D1791F8E717}.Debug|Any CPU.ActiveCfg = Debug|Any CPU
		{E7B8F8A4-D90F-4149-9791-1D1791F8E717}.Debug|Any CPU.Build.0 = Debug|Any CPU
		{E7B8F8A4-D90F-4149-9791-1D1791F8E717}.Release|Any CPU.ActiveCfg = Release|Any CPU
		{E7B8F8A4-D90F-4149-9791-1D1791F8E717}.Release|Any CPU.Build.0 = Release|Any CPU
		{11EFF691-1470-42FB-BF41-12CE4C0A4FFF}.Debug|Any CPU.ActiveCfg = Debug|Any CPU
		{11EFF691-1470-42FB-BF41-12CE4C0A4FFF}.Debug|Any CPU.Build.0 = Debug|Any CPU
		{11EFF691-1470-42FB-BF41-12CE4C0A4FFF}.Release|Any CPU.ActiveCfg = Release|Any CPU
		{11EFF691-1470-42FB-BF41-12CE4C0A4FFF}.Release|Any CPU.Build.0 = Release|Any CPU
		{80D52C08-2634-4ECF-8344-FBE235A678CD}.Debug|Any CPU.ActiveCfg = Debug|Any CPU
		{80D52C08-2634-4ECF-8344-FBE235A678CD}.Debug|Any CPU.Build.0 = Debug|Any CPU
		{80D52C08-2634-4ECF-8344-FBE235A678CD}.Release|Any CPU.ActiveCfg = Release|Any CPU
		{80D52C08-2634-4ECF-8344-FBE235A678CD}.Release|Any CPU.Build.0 = Release|Any CPU
		{9618DF95-7251-4D26-B5EF-C1795A5ED608}.Debug|Any CPU.ActiveCfg = Debug|Any CPU
		{9618DF95-7251-4D26-B5EF-C1795A5ED608}.Debug|Any CPU.Build.0 = Debug|Any CPU
		{9618DF95-7251-4D26-B5EF-C1795A5ED608}.Release|Any CPU.ActiveCfg = Release|Any CPU
		{9618DF95-7251-4D26-B5EF-C1795A5ED608}.Release|Any CPU.Build.0 = Release|Any CPU
		{ECDB35E8-436E-43F8-88F8-3A29329161DC}.Debug|Any CPU.ActiveCfg = Debug|Any CPU
		{ECDB35E8-436E-43F8-88F8-3A29329161DC}.Debug|Any CPU.Build.0 = Debug|Any CPU
		{ECDB35E8-436E-43F8-88F8-3A29329161DC}.Release|Any CPU.ActiveCfg = Release|Any CPU
		{ECDB35E8-436E-43F8-88F8-3A29329161DC}.Release|Any CPU.Build.0 = Release|Any CPU
		{34D2D264-EB0F-4375-A3B4-79B8636C9ABE}.Debug|Any CPU.ActiveCfg = Debug|Any CPU
		{34D2D264-EB0F-4375-A3B4-79B8636C9ABE}.Debug|Any CPU.Build.0 = Debug|Any CPU
		{34D2D264-EB0F-4375-A3B4-79B8636C9ABE}.Release|Any CPU.ActiveCfg = Release|Any CPU
		{34D2D264-EB0F-4375-A3B4-79B8636C9ABE}.Release|Any CPU.Build.0 = Release|Any CPU
		{EFF38694-0B2D-46D0-A3B7-DE416FE04A86}.Debug|Any CPU.ActiveCfg = Debug|Any CPU
		{EFF38694-0B2D-46D0-A3B7-DE416FE04A86}.Debug|Any CPU.Build.0 = Debug|Any CPU
		{EFF38694-0B2D-46D0-A3B7-DE416FE04A86}.Release|Any CPU.ActiveCfg = Release|Any CPU
		{EFF38694-0B2D-46D0-A3B7-DE416FE04A86}.Release|Any CPU.Build.0 = Release|Any CPU
		{984A2C07-54B8-4BD6-A36D-547D4F1B1D7C}.Debug|Any CPU.ActiveCfg = Debug|Any CPU
		{984A2C07-54B8-4BD6-A36D-547D4F1B1D7C}.Debug|Any CPU.Build.0 = Debug|Any CPU
		{984A2C07-54B8-4BD6-A36D-547D4F1B1D7C}.Release|Any CPU.ActiveCfg = Release|Any CPU
		{984A2C07-54B8-4BD6-A36D-547D4F1B1D7C}.Release|Any CPU.Build.0 = Release|Any CPU
		{9A7C74DC-5739-4F83-A253-09EBD1E4E8A2}.Debug|Any CPU.ActiveCfg = Debug|Any CPU
		{9A7C74DC-5739-4F83-A253-09EBD1E4E8A2}.Debug|Any CPU.Build.0 = Debug|Any CPU
		{9A7C74DC-5739-4F83-A253-09EBD1E4E8A2}.Release|Any CPU.ActiveCfg = Release|Any CPU
		{9A7C74DC-5739-4F83-A253-09EBD1E4E8A2}.Release|Any CPU.Build.0 = Release|Any CPU
	EndGlobalSection
	GlobalSection(SolutionProperties) = preSolution
		HideSolutionNode = FALSE
	EndGlobalSection
	GlobalSection(NestedProjects) = preSolution
		{07F3D8B9-2494-4910-8B46-BD52E3ADA796} = {5C62CAFC-BA80-46EB-9B24-6DAA19251956}
		{2E70E052-88B4-43F3-96B2-62C1109A91D1} = {07F3D8B9-2494-4910-8B46-BD52E3ADA796}
		{E0353451-C62A-4E47-8117-62D56DAFFE43} = {07F3D8B9-2494-4910-8B46-BD52E3ADA796}
		{3B585AE7-7347-404F-8142-DD8FD9C2B836} = {5C62CAFC-BA80-46EB-9B24-6DAA19251956}
		{319B84C2-EDAD-4171-8BBC-A23A89D8BDE4} = {3B585AE7-7347-404F-8142-DD8FD9C2B836}
		{439BD77D-97E4-4437-84FD-47B9748585E8} = {3B585AE7-7347-404F-8142-DD8FD9C2B836}
		{F08391D2-60A4-4973-AD1E-0E60F81A983C} = {556B9639-89F3-4CCC-8B24-40CFBB822381}
		{6F5F57D3-F130-4B15-87FA-C51C8FFC0AFC} = {F08391D2-60A4-4973-AD1E-0E60F81A983C}
		{6A06FA66-CFAD-4530-A57F-82CA6DD8A9F0} = {F08391D2-60A4-4973-AD1E-0E60F81A983C}
		{E7B8F8A4-D90F-4149-9791-1D1791F8E717} = {556B9639-89F3-4CCC-8B24-40CFBB822381}
		{11EFF691-1470-42FB-BF41-12CE4C0A4FFF} = {556B9639-89F3-4CCC-8B24-40CFBB822381}
		{80D52C08-2634-4ECF-8344-FBE235A678CD} = {556B9639-89F3-4CCC-8B24-40CFBB822381}
		{9618DF95-7251-4D26-B5EF-C1795A5ED608} = {556B9639-89F3-4CCC-8B24-40CFBB822381}
		{ECDB35E8-436E-43F8-88F8-3A29329161DC} = {6B0B223E-7FB6-4108-9039-8E3BB66A4688}
		{34D2D264-EB0F-4375-A3B4-79B8636C9ABE} = {6B0B223E-7FB6-4108-9039-8E3BB66A4688}
		{EFF38694-0B2D-46D0-A3B7-DE416FE04A86} = {6B0B223E-7FB6-4108-9039-8E3BB66A4688}
		{984A2C07-54B8-4BD6-A36D-547D4F1B1D7C} = {6B0B223E-7FB6-4108-9039-8E3BB66A4688}
		{C974B0CA-8D95-478A-93A4-427B5BD99567} = {6B0B223E-7FB6-4108-9039-8E3BB66A4688}
		{9A7C74DC-5739-4F83-A253-09EBD1E4E8A2} = {C974B0CA-8D95-478A-93A4-427B5BD99567}
	EndGlobalSection
	GlobalSection(ExtensibilityGlobals) = postSolution
		SolutionGuid = {6A366982-B40F-4929-9273-E7CA0FFE9CFA}
	EndGlobalSection
EndGlobal
